
Microsoft Visual Studio Solution File, Format Version 12.00
# Visual Studio Version 16
VisualStudioVersion = 16.0.31829.152
MinimumVisualStudioVersion = 10.0.40219.1
Project("{FAE04EC0-301F-11D3-BF4B-00C04F79EFBC}") = "ids410Clnu4Pro", "ids410Clnu4Pro.csproj", "{6DDD59DB-6D8C-4129-9F43-6FECE90E2FE0}"
EndProject
Global
	GlobalSection(SolutionConfigurationPlatforms) = preSolution
		Debug|Any CPU = Debug|Any CPU
		Release|Any CPU = Release|Any CPU
	EndGlobalSection
	GlobalSection(ProjectConfigurationPlatforms) = postSolution
		{6DDD59DB-6D8C-4129-9F43-6FECE90E2FE0}.Debug|Any CPU.ActiveCfg = Debug|Any CPU
		{6DDD59DB-6D8C-4129-9F43-6FECE90E2FE0}.Debug|Any CPU.Build.0 = Debug|Any CPU
		{6DDD59DB-6D8C-4129-9F43-6FECE90E2FE0}.Release|Any CPU.ActiveCfg = Release|Any CPU
		{6DDD59DB-6D8C-4129-9F43-6FECE90E2FE0}.Release|Any CPU.Build.0 = Release|Any CPU
	EndGlobalSection
	GlobalSection(SolutionProperties) = preSolution
		HideSolutionNode = FALSE
	EndGlobalSection
	GlobalSection(ExtensibilityGlobals) = postSolution
		SolutionGuid = {FBE0CC45-F86A-4C61-B28E-D326DF790D9B}
	EndGlobalSection
EndGlobal
